// !$*UTF8*$!
{
	archiveVersion = 1;
	classes = {
	};
	objectVersion = 77;
	objects = {

/* Begin PBXContainerItemProxy section */
		C95F14C52CC6A0B6007982DE /* PBXContainerItemProxy */ = {
			isa = PBXContainerItemProxy;
			containerPortal = C95F14AC2CC6A0B3007982DE /* Project object */;
			proxyType = 1;
			remoteGlobalIDString = C95F14B32CC6A0B3007982DE;
			remoteInfo = "Dollar Trivia";
		};
		C95F14CF2CC6A0B6007982DE /* PBXContainerItemProxy */ = {
			isa = PBXContainerItemProxy;
			containerPortal = C95F14AC2CC6A0B3007982DE /* Project object */;
			proxyType = 1;
			remoteGlobalIDString = C95F14B32CC6A0B3007982DE;
			remoteInfo = "Dollar Trivia";
		};
/* End PBXContainerItemProxy section */

/* Begin PBXFileReference section */
		C95F14B42CC6A0B3007982DE /* Dollar Trivia.app */ = {isa = PBXFileReference; explicitFileType = wrapper.application; includeInIndex = 0; path = "Dollar Trivia.app"; sourceTree = BUILT_PRODUCTS_DIR; };
		C95F14C42CC6A0B6007982DE /* Dollar TriviaTests.xctest */ = {isa = PBXFileReference; explicitFileType = wrapper.cfbundle; includeInIndex = 0; path = "Dollar TriviaTests.xctest"; sourceTree = BUILT_PRODUCTS_DIR; };
		C95F14CE2CC6A0B6007982DE /* Dollar TriviaUITests.xctest */ = {isa = PBXFileReference; explicitFileType = wrapper.cfbundle; includeInIndex = 0; path = "Dollar TriviaUITests.xctest"; sourceTree = BUILT_PRODUCTS_DIR; };
/* End PBXFileReference section */

/* Begin PBXFileSystemSynchronizedRootGroup section */
		C95F14B62CC6A0B3007982DE /* Dollar Trivia */ = {
			isa = PBXFileSystemSynchronizedRootGroup;
			path = "Dollar Trivia";
			sourceTree = "<group>";
		};
		C95F14C72CC6A0B6007982DE /* Dollar TriviaTests */ = {
			isa = PBXFileSystemSynchronizedRootGroup;
			path = "Dollar TriviaTests";
			sourceTree = "<group>";
		};
		C95F14D12CC6A0B6007982DE /* Dollar TriviaUITests */ = {
			isa = PBXFileSystemSynchronizedRootGroup;
			path = "Dollar TriviaUITests";
			sourceTree = "<group>";
		};
/* End PBXFileSystemSynchronizedRootGroup section */

/* Begin PBXFrameworksBuildPhase section */
		C95F14B12CC6A0B3007982DE /* Frameworks */ = {
			isa = PBXFrameworksBuildPhase;
			buildActionMask = 2147483647;
			files = (
			);
			runOnlyForDeploymentPostprocessing = 0;
		};
		C95F14C12CC6A0B6007982DE /* Frameworks */ = {
			isa = PBXFrameworksBuildPhase;
			buildActionMask = 2147483647;
			files = (
			);
			runOnlyForDeploymentPostprocessing = 0;
		};
		C95F14CB2CC6A0B6007982DE /* Frameworks */ = {
			isa = PBXFrameworksBuildPhase;
			buildActionMask = 2147483647;
			files = (
			);
			runOnlyForDeploymentPostprocessing = 0;
		};
/* End PBXFrameworksBuildPhase section */

/* Begin PBXGroup section */
		C95F14AB2CC6A0B3007982DE = {
			isa = PBXGroup;
			children = (
				C95F14B62CC6A0B3007982DE /* Dollar Trivia */,
				C95F14C72CC6A0B6007982DE /* Dollar TriviaTests */,
				C95F14D12CC6A0B6007982DE /* Dollar TriviaUITests */,
				C95F14B52CC6A0B3007982DE /* Products */,
			);
			sourceTree = "<group>";
		};
		C95F14B52CC6A0B3007982DE /* Products */ = {
			isa = PBXGroup;
			children = (
				C95F14B42CC6A0B3007982DE /* Dollar Trivia.app */,
				C95F14C42CC6A0B6007982DE /* Dollar TriviaTests.xctest */,
				C95F14CE2CC6A0B6007982DE /* Dollar TriviaUITests.xctest */,
			);
			name = Products;
			sourceTree = "<group>";
		};
/* End PBXGroup section */

/* Begin PBXNativeTarget section */
		C95F14B32CC6A0B3007982DE /* Dollar Trivia */ = {
			isa = PBXNativeTarget;
			buildConfigurationList = C95F14D82CC6A0B6007982DE /* Build configuration list for PBXNativeTarget "Dollar Trivia" */;
			buildPhases = (
				C95F14B02CC6A0B3007982DE /* Sources */,
				C95F14B12CC6A0B3007982DE /* Frameworks */,
				C95F14B22CC6A0B3007982DE /* Resources */,
			);
			buildRules = (
			);
			dependencies = (
			);
			fileSystemSynchronizedGroups = (
				C95F14B62CC6A0B3007982DE /* Dollar Trivia */,
			);
			name = "Dollar Trivia";
			packageProductDependencies = (
			);
			productName = "Dollar Trivia";
			productReference = C95F14B42CC6A0B3007982DE /* Dollar Trivia.app */;
			productType = "com.apple.product-type.application";
		};
		C95F14C32CC6A0B6007982DE /* Dollar TriviaTests */ = {
			isa = PBXNativeTarget;
			buildConfigurationList = C95F14DB2CC6A0B6007982DE /* Build configuration list for PBXNativeTarget "Dollar TriviaTests" */;
			buildPhases = (
				C95F14C02CC6A0B6007982DE /* Sources */,
				C95F14C12CC6A0B6007982DE /* Frameworks */,
				C95F14C22CC6A0B6007982DE /* Resources */,
			);
			buildRules = (
			);
			dependencies = (
				C95F14C62CC6A0B6007982DE /* PBXTargetDependency */,
			);
			fileSystemSynchronizedGroups = (
				C95F14C72CC6A0B6007982DE /* Dollar TriviaTests */,
			);
			name = "Dollar TriviaTests";
			packageProductDependencies = (
			);
			productName = "Dollar TriviaTests";
			productReference = C95F14C42CC6A0B6007982DE /* Dollar TriviaTests.xctest */;
			productType = "com.apple.product-type.bundle.unit-test";
		};
		C95F14CD2CC6A0B6007982DE /* Dollar TriviaUITests */ = {
			isa = PBXNativeTarget;
			buildConfigurationList = C95F14DE2CC6A0B6007982DE /* Build configuration list for PBXNativeTarget "Dollar TriviaUITests" */;
			buildPhases = (
				C95F14CA2CC6A0B6007982DE /* Sources */,
				C95F14CB2CC6A0B6007982DE /* Frameworks */,
				C95F14CC2CC6A0B6007982DE /* Resources */,
			);
			buildRules = (
			);
			dependencies = (
				C95F14D02CC6A0B6007982DE /* PBXTargetDependency */,
			);
			fileSystemSynchronizedGroups = (
				C95F14D12CC6A0B6007982DE /* Dollar TriviaUITests */,
			);
			name = "Dollar TriviaUITests";
			packageProductDependencies = (
			);
			productName = "Dollar TriviaUITests";
			productReference = C95F14CE2CC6A0B6007982DE /* Dollar TriviaUITests.xctest */;
			productType = "com.apple.product-type.bundle.ui-testing";
		};
/* End PBXNativeTarget section */

/* Begin PBXProject section */
		C95F14AC2CC6A0B3007982DE /* Project object */ = {
			isa = PBXProject;
			attributes = {
				BuildIndependentTargetsInParallel = 1;
				LastSwiftUpdateCheck = 1600;
				LastUpgradeCheck = 1600;
				TargetAttributes = {
					C95F14B32CC6A0B3007982DE = {
						CreatedOnToolsVersion = 16.0;
					};
					C95F14C32CC6A0B6007982DE = {
						CreatedOnToolsVersion = 16.0;
						TestTargetID = C95F14B32CC6A0B3007982DE;
					};
					C95F14CD2CC6A0B6007982DE = {
						CreatedOnToolsVersion = 16.0;
						TestTargetID = C95F14B32CC6A0B3007982DE;
					};
				};
			};
			buildConfigurationList = C95F14AF2CC6A0B3007982DE /* Build configuration list for PBXProject "Dollar Trivia" */;
			developmentRegion = en;
			hasScannedForEncodings = 0;
			knownRegions = (
				en,
				Base,
			);
			mainGroup = C95F14AB2CC6A0B3007982DE;
			minimizedProjectReferenceProxies = 1;
			preferredProjectObjectVersion = 77;
			productRefGroup = C95F14B52CC6A0B3007982DE /* Products */;
			projectDirPath = "";
			projectRoot = "";
			targets = (
				C95F14B32CC6A0B3007982DE /* Dollar Trivia */,
				C95F14C32CC6A0B6007982DE /* Dollar TriviaTests */,
				C95F14CD2CC6A0B6007982DE /* Dollar TriviaUITests */,
			);
		};
/* End PBXProject section */

/* Begin PBXResourcesBuildPhase section */
		C95F14B22CC6A0B3007982DE /* Resources */ = {
			isa = PBXResourcesBuildPhase;
			buildActionMask = 2147483647;
			files = (
			);
			runOnlyForDeploymentPostprocessing = 0;
		};
		C95F14C22CC6A0B6007982DE /* Resources */ = {
			isa = PBXResourcesBuildPhase;
			buildActionMask = 2147483647;
			files = (
			);
			runOnlyForDeploymentPostprocessing = 0;
		};
		C95F14CC2CC6A0B6007982DE /* Resources */ = {
			isa = PBXResourcesBuildPhase;
			buildActionMask = 2147483647;
			files = (
			);
			runOnlyForDeploymentPostprocessing = 0;
		};
/* End PBXResourcesBuildPhase section */

/* Begin PBXSourcesBuildPhase section */
		C95F14B02CC6A0B3007982DE /* Sources */ = {
			isa = PBXSourcesBuildPhase;
			buildActionMask = 2147483647;
			files = (
			);
			runOnlyForDeploymentPostprocessing = 0;
		};
		C95F14C02CC6A0B6007982DE /* Sources */ = {
			isa = PBXSourcesBuildPhase;
			buildActionMask = 2147483647;
			files = (
			);
			runOnlyForDeploymentPostprocessing = 0;
		};
		C95F14CA2CC6A0B6007982DE /* Sources */ = {
			isa = PBXSourcesBuildPhase;
			buildActionMask = 2147483647;
			files = (
			);
			runOnlyForDeploymentPostprocessing = 0;
		};
/* End PBXSourcesBuildPhase section */

/* Begin PBXTargetDependency section */
		C95F14C62CC6A0B6007982DE /* PBXTargetDependency */ = {
			isa = PBXTargetDependency;
			target = C95F14B32CC6A0B3007982DE /* Dollar Trivia */;
			targetProxy = C95F14C52CC6A0B6007982DE /* PBXContainerItemProxy */;
		};
		C95F14D02CC6A0B6007982DE /* PBXTargetDependency */ = {
			isa = PBXTargetDependency;
			target = C95F14B32CC6A0B3007982DE /* Dollar Trivia */;
			targetProxy = C95F14CF2CC6A0B6007982DE /* PBXContainerItemProxy */;
		};
/* End PBXTargetDependency section */

/* Begin XCBuildConfiguration section */
		C95F14D62CC6A0B6007982DE /* Debug */ = {
			isa = XCBuildConfiguration;
			buildSettings = {
				ALWAYS_SEARCH_USER_PATHS = NO;
				ASSETCATALOG_COMPILER_GENERATE_SWIFT_ASSET_SYMBOL_EXTENSIONS = YES;
				CLANG_ANALYZER_NONNULL = YES;
				CLANG_ANALYZER_NUMBER_OBJECT_CONVERSION = YES_AGGRESSIVE;
				CLANG_CXX_LANGUAGE_STANDARD = "gnu++20";
				CLANG_ENABLE_MODULES = YES;
				CLANG_ENABLE_OBJC_ARC = YES;
				CLANG_ENABLE_OBJC_WEAK = YES;
				CLANG_WARN_BLOCK_CAPTURE_AUTORELEASING = YES;
				CLANG_WARN_BOOL_CONVERSION = YES;
				CLANG_WARN_COMMA = YES;
				CLANG_WARN_CONSTANT_CONVERSION = YES;
				CLANG_WARN_DEPRECATED_OBJC_IMPLEMENTATIONS = YES;
				CLANG_WARN_DIRECT_OBJC_ISA_USAGE = YES_ERROR;
				CLANG_WARN_DOCUMENTATION_COMMENTS = YES;
				CLANG_WARN_EMPTY_BODY = YES;
				CLANG_WARN_ENUM_CONVERSION = YES;
				CLANG_WARN_INFINITE_RECURSION = YES;
				CLANG_WARN_INT_CONVERSION = YES;
				CLANG_WARN_NON_LITERAL_NULL_CONVERSION = YES;
				CLANG_WARN_OBJC_IMPLICIT_RETAIN_SELF = YES;
				CLANG_WARN_OBJC_LITERAL_CONVERSION = YES;
				CLANG_WARN_OBJC_ROOT_CLASS = YES_ERROR;
				CLANG_WARN_QUOTED_INCLUDE_IN_FRAMEWORK_HEADER = YES;
				CLANG_WARN_RANGE_LOOP_ANALYSIS = YES;
				CLANG_WARN_STRICT_PROTOTYPES = YES;
				CLANG_WARN_SUSPICIOUS_MOVE = YES;
				CLANG_WARN_UNGUARDED_AVAILABILITY = YES_AGGRESSIVE;
				CLANG_WARN_UNREACHABLE_CODE = YES;
				CLANG_WARN__DUPLICATE_METHOD_MATCH = YES;
				COPY_PHASE_STRIP = NO;
				DEBUG_INFORMATION_FORMAT = dwarf;
				ENABLE_STRICT_OBJC_MSGSEND = YES;
				ENABLE_TESTABILITY = YES;
				ENABLE_USER_SCRIPT_SANDBOXING = YES;
				GCC_C_LANGUAGE_STANDARD = gnu17;
				GCC_DYNAMIC_NO_PIC = NO;
				GCC_NO_COMMON_BLOCKS = YES;
				GCC_OPTIMIZATION_LEVEL = 0;
				GCC_PREPROCESSOR_DEFINITIONS = (
					"DEBUG=1",
					"$(inherited)",
				);
				GCC_WARN_64_TO_32_BIT_CONVERSION = YES;
				GCC_WARN_ABOUT_RETURN_TYPE = YES_ERROR;
				GCC_WARN_UNDECLARED_SELECTOR = YES;
				GCC_WARN_UNINITIALIZED_AUTOS = YES_AGGRESSIVE;
				GCC_WARN_UNUSED_FUNCTION = YES;
				GCC_WARN_UNUSED_VARIABLE = YES;
				IPHONEOS_DEPLOYMENT_TARGET = 18.0;
				LOCALIZATION_PREFERS_STRING_CATALOGS = YES;
				MTL_ENABLE_DEBUG_INFO = INCLUDE_SOURCE;
				MTL_FAST_MATH = YES;
				ONLY_ACTIVE_ARCH = YES;
				SDKROOT = iphoneos;
				SWIFT_ACTIVE_COMPILATION_CONDITIONS = "DEBUG $(inherited)";
				SWIFT_OPTIMIZATION_LEVEL = "-Onone";
			};
			name = Debug;
		};
		C95F14D72CC6A0B6007982DE /* Release */ = {
			isa = XCBuildConfiguration;
			buildSettings = {
				ALWAYS_SEARCH_USER_PATHS = NO;
				ASSETCATALOG_COMPILER_GENERATE_SWIFT_ASSET_SYMBOL_EXTENSIONS = YES;
				CLANG_ANALYZER_NONNULL = YES;
				CLANG_ANALYZER_NUMBER_OBJECT_CONVERSION = YES_AGGRESSIVE;
				CLANG_CXX_LANGUAGE_STANDARD = "gnu++20";
				CLANG_ENABLE_MODULES = YES;
				CLANG_ENABLE_OBJC_ARC = YES;
				CLANG_ENABLE_OBJC_WEAK = YES;
				CLANG_WARN_BLOCK_CAPTURE_AUTORELEASING = YES;
				CLANG_WARN_BOOL_CONVERSION = YES;
				CLANG_WARN_COMMA = YES;
				CLANG_WARN_CONSTANT_CONVERSION = YES;
				CLANG_WARN_DEPRECATED_OBJC_IMPLEMENTATIONS = YES;
				CLANG_WARN_DIRECT_OBJC_ISA_USAGE = YES_ERROR;
				CLANG_WARN_DOCUMENTATION_COMMENTS = YES;
				CLANG_WARN_EMPTY_BODY = YES;
				CLANG_WARN_ENUM_CONVERSION = YES;
				CLANG_WARN_INFINITE_RECURSION = YES;
				CLANG_WARN_INT_CONVERSION = YES;
				CLANG_WARN_NON_LITERAL_NULL_CONVERSION = YES;
				CLANG_WARN_OBJC_IMPLICIT_RETAIN_SELF = YES;
				CLANG_WARN_OBJC_LITERAL_CONVERSION = YES;
				CLANG_WARN_OBJC_ROOT_CLASS = YES_ERROR;
				CLANG_WARN_QUOTED_INCLUDE_IN_FRAMEWORK_HEADER = YES;
				CLANG_WARN_RANGE_LOOP_ANALYSIS = YES;
				CLANG_WARN_STRICT_PROTOTYPES = YES;
				CLANG_WARN_SUSPICIOUS_MOVE = YES;
				CLANG_WARN_UNGUARDED_AVAILABILITY = YES_AGGRESSIVE;
				CLANG_WARN_UNREACHABLE_CODE = YES;
				CLANG_WARN__DUPLICATE_METHOD_MATCH = YES;
				COPY_PHASE_STRIP = NO;
				DEBUG_INFORMATION_FORMAT = "dwarf-with-dsym";
				ENABLE_NS_ASSERTIONS = NO;
				ENABLE_STRICT_OBJC_MSGSEND = YES;
				ENABLE_USER_SCRIPT_SANDBOXING = YES;
				GCC_C_LANGUAGE_STANDARD = gnu17;
				GCC_NO_COMMON_BLOCKS = YES;
				GCC_WARN_64_TO_32_BIT_CONVERSION = YES;
				GCC_WARN_ABOUT_RETURN_TYPE = YES_ERROR;
				GCC_WARN_UNDECLARED_SELECTOR = YES;
				GCC_WARN_UNINITIALIZED_AUTOS = YES_AGGRESSIVE;
				GCC_WARN_UNUSED_FUNCTION = YES;
				GCC_WARN_UNUSED_VARIABLE = YES;
				IPHONEOS_DEPLOYMENT_TARGET = 18.0;
				LOCALIZATION_PREFERS_STRING_CATALOGS = YES;
				MTL_ENABLE_DEBUG_INFO = NO;
				MTL_FAST_MATH = YES;
				SDKROOT = iphoneos;
				SWIFT_COMPILATION_MODE = wholemodule;
				VALIDATE_PRODUCT = YES;
			};
			name = Release;
		};
		C95F14D92CC6A0B6007982DE /* Debug */ = {
			isa = XCBuildConfiguration;
			buildSettings = {
				ASSETCATALOG_COMPILER_APPICON_NAME = AppIcon;
				ASSETCATALOG_COMPILER_GLOBAL_ACCENT_COLOR_NAME = AccentColor;
				CODE_SIGN_STYLE = Automatic;
				CURRENT_PROJECT_VERSION = 1;
				DEVELOPMENT_ASSET_PATHS = "\"Dollar Trivia/Preview Content\"";
				ENABLE_PREVIEWS = YES;
				GENERATE_INFOPLIST_FILE = YES;
				INFOPLIST_KEY_UIApplicationSceneManifest_Generation = YES;
				INFOPLIST_KEY_UIApplicationSupportsIndirectInputEvents = YES;
				INFOPLIST_KEY_UILaunchScreen_Generation = YES;
				INFOPLIST_KEY_UISupportedInterfaceOrientations_iPad = "UIInterfaceOrientationPortrait UIInterfaceOrientationPortraitUpsideDown UIInterfaceOrientationLandscapeLeft UIInterfaceOrientationLandscapeRight";
				INFOPLIST_KEY_UISupportedInterfaceOrientations_iPhone = "UIInterfaceOrientationPortrait UIInterfaceOrientationLandscapeLeft UIInterfaceOrientationLandscapeRight";
				LD_RUNPATH_SEARCH_PATHS = (
					"$(inherited)",
					"@executable_path/Frameworks",
				);
				MARKETING_VERSION = 1.0;
				PRODUCT_BUNDLE_IDENTIFIER = "vishalv.Dollar-Trivia";
				PRODUCT_NAME = "$(TARGET_NAME)";
				SWIFT_EMIT_LOC_STRINGS = YES;
				SWIFT_VERSION = 5.0;
				TARGETED_DEVICE_FAMILY = "1,2";
			};
			name = Debug;
		};
		C95F14DA2CC6A0B6007982DE /* Release */ = {
			isa = XCBuildConfiguration;
			buildSettings = {
				ASSETCATALOG_COMPILER_APPICON_NAME = AppIcon;
				ASSETCATALOG_COMPILER_GLOBAL_ACCENT_COLOR_NAME = AccentColor;
				CODE_SIGN_STYLE = Automatic;
				CURRENT_PROJECT_VERSION = 1;
				DEVELOPMENT_ASSET_PATHS = "\"Dollar Trivia/Preview Content\"";
				ENABLE_PREVIEWS = YES;
				GENERATE_INFOPLIST_FILE = YES;
				INFOPLIST_KEY_UIApplicationSceneManifest_Generation = YES;
				INFOPLIST_KEY_UIApplicationSupportsIndirectInputEvents = YES;
				INFOPLIST_KEY_UILaunchScreen_Generation = YES;
				INFOPLIST_KEY_UISupportedInterfaceOrientations_iPad = "UIInterfaceOrientationPortrait UIInterfaceOrientationPortraitUpsideDown UIInterfaceOrientationLandscapeLeft UIInterfaceOrientationLandscapeRight";
				INFOPLIST_KEY_UISupportedInterfaceOrientations_iPhone = "UIInterfaceOrientationPortrait UIInterfaceOrientationLandscapeLeft UIInterfaceOrientationLandscapeRight";
				LD_RUNPATH_SEARCH_PATHS = (
					"$(inherited)",
					"@executable_path/Frameworks",
				);
				MARKETING_VERSION = 1.0;
				PRODUCT_BUNDLE_IDENTIFIER = "vishalv.Dollar-Trivia";
				PRODUCT_NAME = "$(TARGET_NAME)";
				SWIFT_EMIT_LOC_STRINGS = YES;
				SWIFT_VERSION = 5.0;
				TARGETED_DEVICE_FAMILY = "1,2";
			};
			name = Release;
		};
		C95F14DC2CC6A0B6007982DE /* Debug */ = {
			isa = XCBuildConfiguration;
			buildSettings = {
				BUNDLE_LOADER = "$(TEST_HOST)";
				CODE_SIGN_STYLE = Automatic;
				CURRENT_PROJECT_VERSION = 1;
				GENERATE_INFOPLIST_FILE = YES;
				IPHONEOS_DEPLOYMENT_TARGET = 18.0;
				MARKETING_VERSION = 1.0;
				PRODUCT_BUNDLE_IDENTIFIER = "vishalv.Dollar-TriviaTests";
				PRODUCT_NAME = "$(TARGET_NAME)";
				SWIFT_EMIT_LOC_STRINGS = NO;
				SWIFT_VERSION = 5.0;
				TARGETED_DEVICE_FAMILY = "1,2";
				TEST_HOST = "$(BUILT_PRODUCTS_DIR)/Dollar Trivia.app/$(BUNDLE_EXECUTABLE_FOLDER_PATH)/Dollar Trivia";
			};
			name = Debug;
		};
		C95F14DD2CC6A0B6007982DE /* Release */ = {
			isa = XCBuildConfiguration;
			buildSettings = {
				BUNDLE_LOADER = "$(TEST_HOST)";
				CODE_SIGN_STYLE = Automatic;
				CURRENT_PROJECT_VERSION = 1;
				GENERATE_INFOPLIST_FILE = YES;
				IPHONEOS_DEPLOYMENT_TARGET = 18.0;
				MARKETING_VERSION = 1.0;
				PRODUCT_BUNDLE_IDENTIFIER = "vishalv.Dollar-TriviaTests";
				PRODUCT_NAME = "$(TARGET_NAME)";
				SWIFT_EMIT_LOC_STRINGS = NO;
				SWIFT_VERSION = 5.0;
				TARGETED_DEVICE_FAMILY = "1,2";
				TEST_HOST = "$(BUILT_PRODUCTS_DIR)/Dollar Trivia.app/$(BUNDLE_EXECUTABLE_FOLDER_PATH)/Dollar Trivia";
			};
			name = Release;
		};
		C95F14DF2CC6A0B6007982DE /* Debug */ = {
			isa = XCBuildConfiguration;
			buildSettings = {
				CODE_SIGN_STYLE = Automatic;
				CURRENT_PROJECT_VERSION = 1;
				GENERATE_INFOPLIST_FILE = YES;
				MARKETING_VERSION = 1.0;
				PRODUCT_BUNDLE_IDENTIFIER = "vishalv.Dollar-TriviaUITests";
				PRODUCT_NAME = "$(TARGET_NAME)";
				SWIFT_EMIT_LOC_STRINGS = NO;
				SWIFT_VERSION = 5.0;
				TARGETED_DEVICE_FAMILY = "1,2";
				TEST_TARGET_NAME = "Dollar Trivia";
			};
			name = Debug;
		};
		C95F14E02CC6A0B6007982DE /* Release */ = {
			isa = XCBuildConfiguration;
			buildSettings = {
				CODE_SIGN_STYLE = Automatic;
				CURRENT_PROJECT_VERSION = 1;
				GENERATE_INFOPLIST_FILE = YES;
				MARKETING_VERSION = 1.0;
				PRODUCT_BUNDLE_IDENTIFIER = "vishalv.Dollar-TriviaUITests";
				PRODUCT_NAME = "$(TARGET_NAME)";
				SWIFT_EMIT_LOC_STRINGS = NO;
				SWIFT_VERSION = 5.0;
				TARGETED_DEVICE_FAMILY = "1,2";
				TEST_TARGET_NAME = "Dollar Trivia";
			};
			name = Release;
		};
/* End XCBuildConfiguration section */

/* Begin XCConfigurationList section */
		C95F14AF2CC6A0B3007982DE /* Build configuration list for PBXProject "Dollar Trivia" */ = {
			isa = XCConfigurationList;
			buildConfigurations = (
				C95F14D62CC6A0B6007982DE /* Debug */,
				C95F14D72CC6A0B6007982DE /* Release */,
			);
			defaultConfigurationIsVisible = 0;
			defaultConfigurationName = Release;
		};
		C95F14D82CC6A0B6007982DE /* Build configuration list for PBXNativeTarget "Dollar Trivia" */ = {
			isa = XCConfigurationList;
			buildConfigurations = (
				C95F14D92CC6A0B6007982DE /* Debug */,
				C95F14DA2CC6A0B6007982DE /* Release */,
			);
			defaultConfigurationIsVisible = 0;
			defaultConfigurationName = Release;
		};
		C95F14DB2CC6A0B6007982DE /* Build configuration list for PBXNativeTarget "Dollar TriviaTests" */ = {
			isa = XCConfigurationList;
			buildConfigurations = (
				C95F14DC2CC6A0B6007982DE /* Debug */,
				C95F14DD2CC6A0B6007982DE /* Release */,
			);
			defaultConfigurationIsVisible = 0;
			defaultConfigurationName = Release;
		};
		C95F14DE2CC6A0B6007982DE /* Build configuration list for PBXNativeTarget "Dollar TriviaUITests" */ = {
			isa = XCConfigurationList;
			buildConfigurations = (
				C95F14DF2CC6A0B6007982DE /* Debug */,
				C95F14E02CC6A0B6007982DE /* Release */,
			);
			defaultConfigurationIsVisible = 0;
			defaultConfigurationName = Release;
		};
/* End XCConfigurationList section */
	};
	rootObject = C95F14AC2CC6A0B3007982DE /* Project object */;
}
